// !$*UTF8*$!
{
	archiveVersion = 1;
	classes = {
	};
	objectVersion = 51;
	objects = {

/* Begin PBXBuildFile section */
		6BA1601F23DB8088005DD3F0 /* AppDelegate.swift in Sources */ = {isa = PBXBuildFile; fileRef = 6BA1601E23DB8088005DD3F0 /* AppDelegate.swift */; };
		6BA1602323DB808F005DD3F0 /* Assets.xcassets in Resources */ = {isa = PBXBuildFile; fileRef = 6BA1602223DB808F005DD3F0 /* Assets.xcassets */; };
		6BA1602623DB808F005DD3F0 /* Preview Assets.xcassets in Resources */ = {isa = PBXBuildFile; fileRef = 6BA1602523DB808F005DD3F0 /* Preview Assets.xcassets */; };
		6BA1602923DB808F005DD3F0 /* Main.storyboard in Resources */ = {isa = PBXBuildFile; fileRef = 6BA1602723DB808F005DD3F0 /* Main.storyboard */; };
		6BADD2D423E4EF2B00A7EF80 /* BtcPriceProvider.swift in Sources */ = {isa = PBXBuildFile; fileRef = 6BADD2D323E4EF2B00A7EF80 /* BtcPriceProvider.swift */; };
		6BADD2D623E4F17100A7EF80 /* BtcPriceInfo.swift in Sources */ = {isa = PBXBuildFile; fileRef = 6BADD2D523E4F17100A7EF80 /* BtcPriceInfo.swift */; };
		FDA2D893508A8E3F2B9E9AAD /* Pods_MacOSbtcTicker.framework in Frameworks */ = {isa = PBXBuildFile; fileRef = B1A14EAA3213C54FC0C5F0A3 /* Pods_MacOSbtcTicker.framework */; };
/* End PBXBuildFile section */

/* Begin PBXFileReference section */
		6BA1601B23DB8088005DD3F0 /* MacOSbtcTicker.app */ = {isa = PBXFileReference; explicitFileType = wrapper.application; includeInIndex = 0; path = MacOSbtcTicker.app; sourceTree = BUILT_PRODUCTS_DIR; };
		6BA1601E23DB8088005DD3F0 /* AppDelegate.swift */ = {isa = PBXFileReference; lastKnownFileType = sourcecode.swift; path = AppDelegate.swift; sourceTree = "<group>"; };
		6BA1602223DB808F005DD3F0 /* Assets.xcassets */ = {isa = PBXFileReference; lastKnownFileType = folder.assetcatalog; path = Assets.xcassets; sourceTree = "<group>"; };
		6BA1602523DB808F005DD3F0 /* Preview Assets.xcassets */ = {isa = PBXFileReference; lastKnownFileType = folder.assetcatalog; path = "Preview Assets.xcassets"; sourceTree = "<group>"; };
		6BA1602823DB808F005DD3F0 /* Base */ = {isa = PBXFileReference; lastKnownFileType = file.storyboard; name = Base; path = Base.lproj/Main.storyboard; sourceTree = "<group>"; };
		6BA1602A23DB808F005DD3F0 /* Info.plist */ = {isa = PBXFileReference; lastKnownFileType = text.plist.xml; path = Info.plist; sourceTree = "<group>"; };
		6BA1602B23DB808F005DD3F0 /* MacOSbtcTicker.entitlements */ = {isa = PBXFileReference; lastKnownFileType = text.plist.entitlements; path = MacOSbtcTicker.entitlements; sourceTree = "<group>"; };
		6BADD2D323E4EF2B00A7EF80 /* BtcPriceProvider.swift */ = {isa = PBXFileReference; lastKnownFileType = sourcecode.swift; path = BtcPriceProvider.swift; sourceTree = "<group>"; };
		6BADD2D523E4F17100A7EF80 /* BtcPriceInfo.swift */ = {isa = PBXFileReference; lastKnownFileType = sourcecode.swift; path = BtcPriceInfo.swift; sourceTree = "<group>"; };
		82B5E64D1298FD505791FAA1 /* Pods-MacOSbtcTicker.debug.xcconfig */ = {isa = PBXFileReference; includeInIndex = 1; lastKnownFileType = text.xcconfig; name = "Pods-MacOSbtcTicker.debug.xcconfig"; path = "Target Support Files/Pods-MacOSbtcTicker/Pods-MacOSbtcTicker.debug.xcconfig"; sourceTree = "<group>"; };
		B1A14EAA3213C54FC0C5F0A3 /* Pods_MacOSbtcTicker.framework */ = {isa = PBXFileReference; explicitFileType = wrapper.framework; includeInIndex = 0; path = Pods_MacOSbtcTicker.framework; sourceTree = BUILT_PRODUCTS_DIR; };
		D7DC62F2B7C22FE9878BCFDA /* Pods-MacOSbtcTicker.release.xcconfig */ = {isa = PBXFileReference; includeInIndex = 1; lastKnownFileType = text.xcconfig; name = "Pods-MacOSbtcTicker.release.xcconfig"; path = "Target Support Files/Pods-MacOSbtcTicker/Pods-MacOSbtcTicker.release.xcconfig"; sourceTree = "<group>"; };
/* End PBXFileReference section */

/* Begin PBXFrameworksBuildPhase section */
		6BA1601823DB8088005DD3F0 /* Frameworks */ = {
			isa = PBXFrameworksBuildPhase;
			buildActionMask = 2147483647;
			files = (
				FDA2D893508A8E3F2B9E9AAD /* Pods_MacOSbtcTicker.framework in Frameworks */,
			);
			runOnlyForDeploymentPostprocessing = 0;
		};
/* End PBXFrameworksBuildPhase section */

/* Begin PBXGroup section */
		5FEA38798236A21590E3F43A /* Pods */ = {
			isa = PBXGroup;
			children = (
				82B5E64D1298FD505791FAA1 /* Pods-MacOSbtcTicker.debug.xcconfig */,
				D7DC62F2B7C22FE9878BCFDA /* Pods-MacOSbtcTicker.release.xcconfig */,
			);
			path = Pods;
			sourceTree = "<group>";
		};
		6BA1601223DB8088005DD3F0 = {
			isa = PBXGroup;
			children = (
				6BA1601D23DB8088005DD3F0 /* MacOSbtcTicker */,
				6BA1601C23DB8088005DD3F0 /* Products */,
				5FEA38798236A21590E3F43A /* Pods */,
				FD7C7C55BE1006CC20A492D1 /* Frameworks */,
			);
			sourceTree = "<group>";
		};
		6BA1601C23DB8088005DD3F0 /* Products */ = {
			isa = PBXGroup;
			children = (
				6BA1601B23DB8088005DD3F0 /* MacOSbtcTicker.app */,
			);
			name = Products;
			sourceTree = "<group>";
		};
		6BA1601D23DB8088005DD3F0 /* MacOSbtcTicker */ = {
			isa = PBXGroup;
			children = (
				6BA1601E23DB8088005DD3F0 /* AppDelegate.swift */,
				6BA1602223DB808F005DD3F0 /* Assets.xcassets */,
				6BA1602723DB808F005DD3F0 /* Main.storyboard */,
				6BA1602A23DB808F005DD3F0 /* Info.plist */,
				6BA1602B23DB808F005DD3F0 /* MacOSbtcTicker.entitlements */,
				6BA1602423DB808F005DD3F0 /* Preview Content */,
				6BADD2D323E4EF2B00A7EF80 /* BtcPriceProvider.swift */,
				6BADD2D523E4F17100A7EF80 /* BtcPriceInfo.swift */,
			);
			path = MacOSbtcTicker;
			sourceTree = "<group>";
		};
		6BA1602423DB808F005DD3F0 /* Preview Content */ = {
			isa = PBXGroup;
			children = (
				6BA1602523DB808F005DD3F0 /* Preview Assets.xcassets */,
			);
			path = "Preview Content";
			sourceTree = "<group>";
		};
		FD7C7C55BE1006CC20A492D1 /* Frameworks */ = {
			isa = PBXGroup;
			children = (
				B1A14EAA3213C54FC0C5F0A3 /* Pods_MacOSbtcTicker.framework */,
			);
			name = Frameworks;
			sourceTree = "<group>";
		};
/* End PBXGroup section */

/* Begin PBXNativeTarget section */
		6BA1601A23DB8088005DD3F0 /* MacOSbtcTicker */ = {
			isa = PBXNativeTarget;
			buildConfigurationList = 6BA1602E23DB808F005DD3F0 /* Build configuration list for PBXNativeTarget "MacOSbtcTicker" */;
			buildPhases = (
				A204E2EFECC3C1BA09CEF74F /* [CP] Check Pods Manifest.lock */,
				6BA1601723DB8088005DD3F0 /* Sources */,
				6BA1601823DB8088005DD3F0 /* Frameworks */,
				6BA1601923DB8088005DD3F0 /* Resources */,
				E5A13A55978EAE89BA7D5EAA /* [CP] Embed Pods Frameworks */,
			);
			buildRules = (
			);
			dependencies = (
			);
			name = MacOSbtcTicker;
			productName = MacOSbtcTicker;
			productReference = 6BA1601B23DB8088005DD3F0 /* MacOSbtcTicker.app */;
			productType = "com.apple.product-type.application";
		};
/* End PBXNativeTarget section */

/* Begin PBXProject section */
		6BA1601323DB8088005DD3F0 /* Project object */ = {
			isa = PBXProject;
			attributes = {
				LastSwiftUpdateCheck = 1130;
				LastUpgradeCheck = 1130;
				ORGANIZATIONNAME = "Martin Gabriel";
				TargetAttributes = {
					6BA1601A23DB8088005DD3F0 = {
						CreatedOnToolsVersion = 11.3;
					};
				};
			};
			buildConfigurationList = 6BA1601623DB8088005DD3F0 /* Build configuration list for PBXProject "MacOSbtcTicker" */;
			compatibilityVersion = "Xcode 9.3";
			developmentRegion = en;
			hasScannedForEncodings = 0;
			knownRegions = (
				en,
				Base,
			);
			mainGroup = 6BA1601223DB8088005DD3F0;
			productRefGroup = 6BA1601C23DB8088005DD3F0 /* Products */;
			projectDirPath = "";
			projectRoot = "";
			targets = (
				6BA1601A23DB8088005DD3F0 /* MacOSbtcTicker */,
			);
		};
/* End PBXProject section */

/* Begin PBXResourcesBuildPhase section */
		6BA1601923DB8088005DD3F0 /* Resources */ = {
			isa = PBXResourcesBuildPhase;
			buildActionMask = 2147483647;
			files = (
				6BA1602923DB808F005DD3F0 /* Main.storyboard in Resources */,
				6BA1602623DB808F005DD3F0 /* Preview Assets.xcassets in Resources */,
				6BA1602323DB808F005DD3F0 /* Assets.xcassets in Resources */,
			);
			runOnlyForDeploymentPostprocessing = 0;
		};
/* End PBXResourcesBuildPhase section */

/* Begin PBXShellScriptBuildPhase section */
		A204E2EFECC3C1BA09CEF74F /* [CP] Check Pods Manifest.lock */ = {
			isa = PBXShellScriptBuildPhase;
			buildActionMask = 2147483647;
			files = (
			);
			inputFileListPaths = (
			);
			inputPaths = (
				"${PODS_PODFILE_DIR_PATH}/Podfile.lock",
				"${PODS_ROOT}/Manifest.lock",
			);
			name = "[CP] Check Pods Manifest.lock";
			outputFileListPaths = (
			);
			outputPaths = (
				"$(DERIVED_FILE_DIR)/Pods-MacOSbtcTicker-checkManifestLockResult.txt",
			);
			runOnlyForDeploymentPostprocessing = 0;
			shellPath = /bin/sh;
			shellScript = "diff \"${PODS_PODFILE_DIR_PATH}/Podfile.lock\" \"${PODS_ROOT}/Manifest.lock\" > /dev/null\nif [ $? != 0 ] ; then\n    # print error to STDERR\n    echo \"error: The sandbox is not in sync with the Podfile.lock. Run 'pod install' or update your CocoaPods installation.\" >&2\n    exit 1\nfi\n# This output is used by Xcode 'outputs' to avoid re-running this script phase.\necho \"SUCCESS\" > \"${SCRIPT_OUTPUT_FILE_0}\"\n";
			showEnvVarsInLog = 0;
		};
		E5A13A55978EAE89BA7D5EAA /* [CP] Embed Pods Frameworks */ = {
			isa = PBXShellScriptBuildPhase;
			buildActionMask = 2147483647;
			files = (
			);
			inputFileListPaths = (
				"${PODS_ROOT}/Target Support Files/Pods-MacOSbtcTicker/Pods-MacOSbtcTicker-frameworks-${CONFIGURATION}-input-files.xcfilelist",
			);
			name = "[CP] Embed Pods Frameworks";
			outputFileListPaths = (
				"${PODS_ROOT}/Target Support Files/Pods-MacOSbtcTicker/Pods-MacOSbtcTicker-frameworks-${CONFIGURATION}-output-files.xcfilelist",
			);
			runOnlyForDeploymentPostprocessing = 0;
			shellPath = /bin/sh;
			shellScript = "\"${PODS_ROOT}/Target Support Files/Pods-MacOSbtcTicker/Pods-MacOSbtcTicker-frameworks.sh\"\n";
			showEnvVarsInLog = 0;
		};
/* End PBXShellScriptBuildPhase section */

/* Begin PBXSourcesBuildPhase section */
		6BA1601723DB8088005DD3F0 /* Sources */ = {
			isa = PBXSourcesBuildPhase;
			buildActionMask = 2147483647;
			files = (
				6BADD2D623E4F17100A7EF80 /* BtcPriceInfo.swift in Sources */,
				6BA1601F23DB8088005DD3F0 /* AppDelegate.swift in Sources */,
				6BADD2D423E4EF2B00A7EF80 /* BtcPriceProvider.swift in Sources */,
			);
			runOnlyForDeploymentPostprocessing = 0;
		};
/* End PBXSourcesBuildPhase section */

/* Begin PBXVariantGroup section */
		6BA1602723DB808F005DD3F0 /* Main.storyboard */ = {
			isa = PBXVariantGroup;
			children = (
				6BA1602823DB808F005DD3F0 /* Base */,
			);
			name = Main.storyboard;
			sourceTree = "<group>";
		};
/* End PBXVariantGroup section */

/* Begin XCBuildConfiguration section */
		6BA1602C23DB808F005DD3F0 /* Debug */ = {
			isa = XCBuildConfiguration;
			buildSettings = {
				ALWAYS_SEARCH_USER_PATHS = NO;
				CLANG_ANALYZER_NONNULL = YES;
				CLANG_ANALYZER_NUMBER_OBJECT_CONVERSION = YES_AGGRESSIVE;
				CLANG_CXX_LANGUAGE_STANDARD = "gnu++14";
				CLANG_CXX_LIBRARY = "libc++";
				CLANG_ENABLE_MODULES = YES;
				CLANG_ENABLE_OBJC_ARC = YES;
				CLANG_ENABLE_OBJC_WEAK = YES;
				CLANG_WARN_BLOCK_CAPTURE_AUTORELEASING = YES;
				CLANG_WARN_BOOL_CONVERSION = YES;
				CLANG_WARN_COMMA = YES;
				CLANG_WARN_CONSTANT_CONVERSION = YES;
				CLANG_WARN_DEPRECATED_OBJC_IMPLEMENTATIONS = YES;
				CLANG_WARN_DIRECT_OBJC_ISA_USAGE = YES_ERROR;
				CLANG_WARN_DOCUMENTATION_COMMENTS = YES;
				CLANG_WARN_EMPTY_BODY = YES;
				CLANG_WARN_ENUM_CONVERSION = YES;
				CLANG_WARN_INFINITE_RECURSION = YES;
				CLANG_WARN_INT_CONVERSION = YES;
				CLANG_WARN_NON_LITERAL_NULL_CONVERSION = YES;
				CLANG_WARN_OBJC_IMPLICIT_RETAIN_SELF = YES;
				CLANG_WARN_OBJC_LITERAL_CONVERSION = YES;
				CLANG_WARN_OBJC_ROOT_CLASS = YES_ERROR;
				CLANG_WARN_RANGE_LOOP_ANALYSIS = YES;
				CLANG_WARN_STRICT_PROTOTYPES = YES;
				CLANG_WARN_SUSPICIOUS_MOVE = YES;
				CLANG_WARN_UNGUARDED_AVAILABILITY = YES_AGGRESSIVE;
				CLANG_WARN_UNREACHABLE_CODE = YES;
				CLANG_WARN__DUPLICATE_METHOD_MATCH = YES;
				COPY_PHASE_STRIP = NO;
				DEBUG_INFORMATION_FORMAT = dwarf;
				ENABLE_STRICT_OBJC_MSGSEND = YES;
				ENABLE_TESTABILITY = YES;
				GCC_C_LANGUAGE_STANDARD = gnu11;
				GCC_DYNAMIC_NO_PIC = NO;
				GCC_NO_COMMON_BLOCKS = YES;
				GCC_OPTIMIZATION_LEVEL = 0;
				GCC_PREPROCESSOR_DEFINITIONS = (
					"DEBUG=1",
					"$(inherited)",
				);
				GCC_WARN_64_TO_32_BIT_CONVERSION = YES;
				GCC_WARN_ABOUT_RETURN_TYPE = YES_ERROR;
				GCC_WARN_UNDECLARED_SELECTOR = YES;
				GCC_WARN_UNINITIALIZED_AUTOS = YES_AGGRESSIVE;
				GCC_WARN_UNUSED_FUNCTION = YES;
				GCC_WARN_UNUSED_VARIABLE = YES;
				MACOSX_DEPLOYMENT_TARGET = 10.15;
				MTL_ENABLE_DEBUG_INFO = INCLUDE_SOURCE;
				MTL_FAST_MATH = YES;
				ONLY_ACTIVE_ARCH = YES;
				SDKROOT = macosx;
				SWIFT_ACTIVE_COMPILATION_CONDITIONS = DEBUG;
				SWIFT_OPTIMIZATION_LEVEL = "-Onone";
			};
			name = Debug;
		};
		6BA1602D23DB808F005DD3F0 /* Release */ = {
			isa = XCBuildConfiguration;
			buildSettings = {
				ALWAYS_SEARCH_USER_PATHS = NO;
				CLANG_ANALYZER_NONNULL = YES;
				CLANG_ANALYZER_NUMBER_OBJECT_CONVERSION = YES_AGGRESSIVE;
				CLANG_CXX_LANGUAGE_STANDARD = "gnu++14";
				CLANG_CXX_LIBRARY = "libc++";
				CLANG_ENABLE_MODULES = YES;
				CLANG_ENABLE_OBJC_ARC = YES;
				CLANG_ENABLE_OBJC_WEAK = YES;
				CLANG_WARN_BLOCK_CAPTURE_AUTORELEASING = YES;
				CLANG_WARN_BOOL_CONVERSION = YES;
				CLANG_WARN_COMMA = YES;
				CLANG_WARN_CONSTANT_CONVERSION = YES;
				CLANG_WARN_DEPRECATED_OBJC_IMPLEMENTATIONS = YES;
				CLANG_WARN_DIRECT_OBJC_ISA_USAGE = YES_ERROR;
				CLANG_WARN_DOCUMENTATION_COMMENTS = YES;
				CLANG_WARN_EMPTY_BODY = YES;
				CLANG_WARN_ENUM_CONVERSION = YES;
				CLANG_WARN_INFINITE_RECURSION = YES;
				CLANG_WARN_INT_CONVERSION = YES;
				CLANG_WARN_NON_LITERAL_NULL_CONVERSION = YES;
				CLANG_WARN_OBJC_IMPLICIT_RETAIN_SELF = YES;
				CLANG_WARN_OBJC_LITERAL_CONVERSION = YES;
				CLANG_WARN_OBJC_ROOT_CLASS = YES_ERROR;
				CLANG_WARN_RANGE_LOOP_ANALYSIS = YES;
				CLANG_WARN_STRICT_PROTOTYPES = YES;
				CLANG_WARN_SUSPICIOUS_MOVE = YES;
				CLANG_WARN_UNGUARDED_AVAILABILITY = YES_AGGRESSIVE;
				CLANG_WARN_UNREACHABLE_CODE = YES;
				CLANG_WARN__DUPLICATE_METHOD_MATCH = YES;
				COPY_PHASE_STRIP = NO;
				DEBUG_INFORMATION_FORMAT = "dwarf-with-dsym";
				ENABLE_NS_ASSERTIONS = NO;
				ENABLE_STRICT_OBJC_MSGSEND = YES;
				GCC_C_LANGUAGE_STANDARD = gnu11;
				GCC_NO_COMMON_BLOCKS = YES;
				GCC_WARN_64_TO_32_BIT_CONVERSION = YES;
				GCC_WARN_ABOUT_RETURN_TYPE = YES_ERROR;
				GCC_WARN_UNDECLARED_SELECTOR = YES;
				GCC_WARN_UNINITIALIZED_AUTOS = YES_AGGRESSIVE;
				GCC_WARN_UNUSED_FUNCTION = YES;
				GCC_WARN_UNUSED_VARIABLE = YES;
				MACOSX_DEPLOYMENT_TARGET = 10.15;
				MTL_ENABLE_DEBUG_INFO = NO;
				MTL_FAST_MATH = YES;
				SDKROOT = macosx;
				SWIFT_COMPILATION_MODE = wholemodule;
				SWIFT_OPTIMIZATION_LEVEL = "-O";
			};
			name = Release;
		};
		6BA1602F23DB808F005DD3F0 /* Debug */ = {
			isa = XCBuildConfiguration;
			baseConfigurationReference = 82B5E64D1298FD505791FAA1 /* Pods-MacOSbtcTicker.debug.xcconfig */;
			buildSettings = {
				ASSETCATALOG_COMPILER_APPICON_NAME = AppIcon;
				CODE_SIGN_ENTITLEMENTS = MacOSbtcTicker/MacOSbtcTicker.entitlements;
				CODE_SIGN_STYLE = Automatic;
				COMBINE_HIDPI_IMAGES = YES;
				DEVELOPMENT_ASSET_PATHS = "\"MacOSbtcTicker/Preview Content\"";
				DEVELOPMENT_TEAM = Q4PDUS47QQ;
				ENABLE_HARDENED_RUNTIME = YES;
				ENABLE_PREVIEWS = YES;
				INFOPLIST_FILE = MacOSbtcTicker/Info.plist;
				LD_RUNPATH_SEARCH_PATHS = (
					"$(inherited)",
					"@executable_path/../Frameworks",
				);
				MACOSX_DEPLOYMENT_TARGET = 10.15;
				PRODUCT_BUNDLE_IDENTIFIER = martingabriel.MacOSbtcTicker;
				PRODUCT_NAME = "$(TARGET_NAME)";
				SWIFT_VERSION = 5.0;
			};
			name = Debug;
		};
		6BA1603023DB808F005DD3F0 /* Release */ = {
			isa = XCBuildConfiguration;
			baseConfigurationReference = D7DC62F2B7C22FE9878BCFDA /* Pods-MacOSbtcTicker.release.xcconfig */;
			buildSettings = {
				ASSETCATALOG_COMPILER_APPICON_NAME = AppIcon;
				CODE_SIGN_ENTITLEMENTS = MacOSbtcTicker/MacOSbtcTicker.entitlements;
				CODE_SIGN_STYLE = Automatic;
				COMBINE_HIDPI_IMAGES = YES;
				DEVELOPMENT_ASSET_PATHS = "\"MacOSbtcTicker/Preview Content\"";
				DEVELOPMENT_TEAM = Q4PDUS47QQ;
				ENABLE_HARDENED_RUNTIME = YES;
				ENABLE_PREVIEWS = YES;
				INFOPLIST_FILE = MacOSbtcTicker/Info.plist;
				LD_RUNPATH_SEARCH_PATHS = (
					"$(inherited)",
					"@executable_path/../Frameworks",
				);
				MACOSX_DEPLOYMENT_TARGET = 10.15;
				PRODUCT_BUNDLE_IDENTIFIER = martingabriel.MacOSbtcTicker;
				PRODUCT_NAME = "$(TARGET_NAME)";
				SWIFT_VERSION = 5.0;
			};
			name = Release;
		};
/* End XCBuildConfiguration section */

/* Begin XCConfigurationList section */
		6BA1601623DB8088005DD3F0 /* Build configuration list for PBXProject "MacOSbtcTicker" */ = {
			isa = XCConfigurationList;
			buildConfigurations = (
				6BA1602C23DB808F005DD3F0 /* Debug */,
				6BA1602D23DB808F005DD3F0 /* Release */,
			);
			defaultConfigurationIsVisible = 0;
			defaultConfigurationName = Release;
		};
		6BA1602E23DB808F005DD3F0 /* Build configuration list for PBXNativeTarget "MacOSbtcTicker" */ = {
			isa = XCConfigurationList;
			buildConfigurations = (
				6BA1602F23DB808F005DD3F0 /* Debug */,
				6BA1603023DB808F005DD3F0 /* Release */,
			);
			defaultConfigurationIsVisible = 0;
			defaultConfigurationName = Release;
		};
/* End XCConfigurationList section */
	};
	rootObject = 6BA1601323DB8088005DD3F0 /* Project object */;
}
